{
  "name": "auth-ruby",
  "lockfileVersion": 3,
  "requires": true,
  "packages": {
    "": {
      "dependencies": {
        "@github/auto-check-element": "^5.4.2"
      }
    },
    "node_modules/@github/auto-check-element": {
      "version": "5.4.2",
      "resolved": "https://registry.npmjs.org/@github/auto-check-element/-/auto-check-element-5.4.2.tgz",
      "integrity": "sha512-8SU9sI/0LpDOXybZ6juzALHbtwwDpaitaTHwKRIr4uV/AFy4iUG8LsMYE4tYRsj0w0eTlR7+c+S737eveOcKnQ==",
      "license": "MIT",
      "dependencies": {
        "@github/mini-throttle": "^2.1.0"
      }
    },
    "node_modules/@github/mini-throttle": {
      "version": "2.1.1",
      "resolved": "https://registry.npmjs.org/@github/mini-throttle/-/mini-throttle-2.1.1.tgz",
      "integrity": "sha512-KtOPaB+FiKJ6jcKm9UKyaM5fPURHGf+xcp+b4Mzoi81hOc6M1sIGpMZMAVbNzfa2lW5+RPGKq888Px0j76OZ/A==",
      "license": "MIT"
    }
  }
}
